
Microsoft Visual Studio Solution File, Format Version 12.00
# Visual Studio 14
VisualStudioVersion = 14.0.23107.0
MinimumVisualStudioVersion = 10.0.40219.1
Project("{FAE04EC0-301F-11D3-BF4B-00C04F79EFBC}") = "Furniture-project", "Furniture-project\Furniture-project.csproj", "{706D0456-A8EC-4A29-9157-F955C7346B3B}"
EndProject
Project("{FAE04EC0-301F-11D3-BF4B-00C04F79EFBC}") = "Furnituredatalayer", "Furnituredatalayer\Furnituredatalayer.csproj", "{745FC381-3A5E-4BC4-ABA8-F52BA1A92D8F}"
EndProject
Project("{FAE04EC0-301F-11D3-BF4B-00C04F79EFBC}") = "Furniturebusinesslayer", "Furniturebusinesslayer\Furniturebusinesslayer.csproj", "{A7482EA5-8C03-4857-AF38-32550A29D908}"
EndProject
Global
	GlobalSection(SolutionConfigurationPlatforms) = preSolution
		Debug|Any CPU = Debug|Any CPU
		Release|Any CPU = Release|Any CPU
	EndGlobalSection
	GlobalSection(ProjectConfigurationPlatforms) = postSolution
		{706D0456-A8EC-4A29-9157-F955C7346B3B}.Debug|Any CPU.ActiveCfg = Debug|Any CPU
		{706D0456-A8EC-4A29-9157-F955C7346B3B}.Debug|Any CPU.Build.0 = Debug|Any CPU
		{706D0456-A8EC-4A29-9157-F955C7346B3B}.Release|Any CPU.ActiveCfg = Release|Any CPU
		{706D0456-A8EC-4A29-9157-F955C7346B3B}.Release|Any CPU.Build.0 = Release|Any CPU
		{745FC381-3A5E-4BC4-ABA8-F52BA1A92D8F}.Debug|Any CPU.ActiveCfg = Debug|Any CPU
		{745FC381-3A5E-4BC4-ABA8-F52BA1A92D8F}.Debug|Any CPU.Build.0 = Debug|Any CPU
		{745FC381-3A5E-4BC4-ABA8-F52BA1A92D8F}.Release|Any CPU.ActiveCfg = Release|Any CPU
		{745FC381-3A5E-4BC4-ABA8-F52BA1A92D8F}.Release|Any CPU.Build.0 = Release|Any CPU
		{A7482EA5-8C03-4857-AF38-32550A29D908}.Debug|Any CPU.ActiveCfg = Debug|Any CPU
		{A7482EA5-8C03-4857-AF38-32550A29D908}.Debug|Any CPU.Build.0 = Debug|Any CPU
		{A7482EA5-8C03-4857-AF38-32550A29D908}.Release|Any CPU.ActiveCfg = Release|Any CPU
		{A7482EA5-8C03-4857-AF38-32550A29D908}.Release|Any CPU.Build.0 = Release|Any CPU
	EndGlobalSection
	GlobalSection(SolutionProperties) = preSolution
		HideSolutionNode = FALSE
	EndGlobalSection
EndGlobal
